
Microsoft Visual Studio Solution File, Format Version 12.00
# Visual Studio Version 16
VisualStudioVersion = 16.0.30406.217
MinimumVisualStudioVersion = 10.0.40219.1
Project("{FAE04EC0-301F-11D3-BF4B-00C04F79EFBC}") = "FlutterWebAPI", "FlutterWebAPI\FlutterWebAPI.csproj", "{8E9FD101-CF47-49CF-98CB-0BB6AA0526BC}"
EndProject
Global
	GlobalSection(SolutionConfigurationPlatforms) = preSolution
		Debug|Any CPU = Debug|Any CPU
		Release|Any CPU = Release|Any CPU
	EndGlobalSection
	GlobalSection(ProjectConfigurationPlatforms) = postSolution
		{8E9FD101-CF47-49CF-98CB-0BB6AA0526BC}.Debug|Any CPU.ActiveCfg = Debug|Any CPU
		{8E9FD101-CF47-49CF-98CB-0BB6AA0526BC}.Debug|Any CPU.Build.0 = Debug|Any CPU
		{8E9FD101-CF47-49CF-98CB-0BB6AA0526BC}.Release|Any CPU.ActiveCfg = Release|Any CPU
		{8E9FD101-CF47-49CF-98CB-0BB6AA0526BC}.Release|Any CPU.Build.0 = Release|Any CPU
	EndGlobalSection
	GlobalSection(SolutionProperties) = preSolution
		HideSolutionNode = FALSE
	EndGlobalSection
	GlobalSection(ExtensibilityGlobals) = postSolution
		SolutionGuid = {51461623-E586-4AF7-8D7C-43AC2B09C86B}
	EndGlobalSection
EndGlobal
